
Microsoft Visual Studio Solution File, Format Version 11.00
# Visual Studio 2010
Project("{FAE04EC0-301F-11D3-BF4B-00C04F79EFBC}") = "Assembly-CSharp", "Assembly-CSharp.csproj", "{3a415e2b-a991-45fd-ed8e-08b7708fc906}"
EndProject
Project("{FAE04EC0-301F-11D3-BF4B-00C04F79EFBC}") = "Assembly-CSharp-Editor", "Assembly-CSharp-Editor.csproj", "{14b661f8-a7d6-978c-448e-21fc074f6d91}"
EndProject
Global
	GlobalSection(SolutionConfigurationPlatforms) = preSolution
		Debug|Any CPU = Debug|Any CPU
		Release|Any CPU = Release|Any CPU
	EndGlobalSection
	GlobalSection(ProjectConfigurationPlatforms) = postSolution
		{3a415e2b-a991-45fd-ed8e-08b7708fc906}.Debug|Any CPU.ActiveCfg = Debug|Any CPU
		{3a415e2b-a991-45fd-ed8e-08b7708fc906}.Debug|Any CPU.Build.0 = Debug|Any CPU
		{3a415e2b-a991-45fd-ed8e-08b7708fc906}.Release|Any CPU.ActiveCfg = Release|Any CPU
		{3a415e2b-a991-45fd-ed8e-08b7708fc906}.Release|Any CPU.Build.0 = Release|Any CPU
		{14b661f8-a7d6-978c-448e-21fc074f6d91}.Debug|Any CPU.ActiveCfg = Debug|Any CPU
		{14b661f8-a7d6-978c-448e-21fc074f6d91}.Debug|Any CPU.Build.0 = Debug|Any CPU
		{14b661f8-a7d6-978c-448e-21fc074f6d91}.Release|Any CPU.ActiveCfg = Release|Any CPU
		{14b661f8-a7d6-978c-448e-21fc074f6d91}.Release|Any CPU.Build.0 = Release|Any CPU
	EndGlobalSection
	GlobalSection(SolutionProperties) = preSolution
		HideSolutionNode = FALSE
	EndGlobalSection
EndGlobal
