
Microsoft Visual Studio Solution File, Format Version 11.00
# Visual Studio 2010
Project("{FAE04EC0-301F-11D3-BF4B-00C04F79EFBC}") = "Assembly-CSharp", "Assembly-CSharp.csproj", "{11B611A9-B9E5-6FCF-9B58-9503BB585BE1}"
EndProject
Project("{FAE04EC0-301F-11D3-BF4B-00C04F79EFBC}") = "Assembly-CSharp-Editor", "Assembly-CSharp-Editor.csproj", "{81926322-0784-349C-8616-08A747DC0BB5}"
EndProject
Global
	GlobalSection(SolutionConfigurationPlatforms) = preSolution
		Debug|Any CPU = Debug|Any CPU
		Release|Any CPU = Release|Any CPU
	EndGlobalSection
	GlobalSection(ProjectConfigurationPlatforms) = postSolution
		{11B611A9-B9E5-6FCF-9B58-9503BB585BE1}.Debug|Any CPU.ActiveCfg = Debug|Any CPU
		{11B611A9-B9E5-6FCF-9B58-9503BB585BE1}.Debug|Any CPU.Build.0 = Debug|Any CPU
		{11B611A9-B9E5-6FCF-9B58-9503BB585BE1}.Release|Any CPU.ActiveCfg = Release|Any CPU
		{11B611A9-B9E5-6FCF-9B58-9503BB585BE1}.Release|Any CPU.Build.0 = Release|Any CPU
		{81926322-0784-349C-8616-08A747DC0BB5}.Debug|Any CPU.ActiveCfg = Debug|Any CPU
		{81926322-0784-349C-8616-08A747DC0BB5}.Debug|Any CPU.Build.0 = Debug|Any CPU
		{81926322-0784-349C-8616-08A747DC0BB5}.Release|Any CPU.ActiveCfg = Release|Any CPU
		{81926322-0784-349C-8616-08A747DC0BB5}.Release|Any CPU.Build.0 = Release|Any CPU
	EndGlobalSection
	GlobalSection(SolutionProperties) = preSolution
		HideSolutionNode = FALSE
	EndGlobalSection
EndGlobal
